
Microsoft Visual Studio Solution File, Format Version 12.00
# Visual Studio Version 16
VisualStudioVersion = 16.0.29102.190
MinimumVisualStudioVersion = 10.0.40219.1
Project("{FAE04EC0-301F-11D3-BF4B-00C04F79EFBC}") = "Jay_7_OOPS_windows_forms", "Jay_7_OOPS_windows_forms\Jay_7_OOPS_windows_forms.csproj", "{E8ABEDD8-7C06-4D5A-8BE0-827604B36504}"
EndProject
Global
	GlobalSection(SolutionConfigurationPlatforms) = preSolution
		Debug|Any CPU = Debug|Any CPU
		Release|Any CPU = Release|Any CPU
	EndGlobalSection
	GlobalSection(ProjectConfigurationPlatforms) = postSolution
		{E8ABEDD8-7C06-4D5A-8BE0-827604B36504}.Debug|Any CPU.ActiveCfg = Debug|Any CPU
		{E8ABEDD8-7C06-4D5A-8BE0-827604B36504}.Debug|Any CPU.Build.0 = Debug|Any CPU
		{E8ABEDD8-7C06-4D5A-8BE0-827604B36504}.Release|Any CPU.ActiveCfg = Release|Any CPU
		{E8ABEDD8-7C06-4D5A-8BE0-827604B36504}.Release|Any CPU.Build.0 = Release|Any CPU
	EndGlobalSection
	GlobalSection(SolutionProperties) = preSolution
		HideSolutionNode = FALSE
	EndGlobalSection
	GlobalSection(ExtensibilityGlobals) = postSolution
		SolutionGuid = {95D1093C-E555-436F-93F2-F94AA5A9B002}
	EndGlobalSection
EndGlobal
